
Microsoft Visual Studio Solution File, Format Version 12.00
# Visual Studio Version 17
VisualStudioVersion = 17.14.36603.0
MinimumVisualStudioVersion = 10.0.40219.1
Project("{FAE04EC0-301F-11D3-BF4B-00C04F79EFBC}") = "src\GameOfLife.Api", "src\GameOfLife.Api\GameOfLife.Api.csproj", "{95FD297A-4E68-46C1-A270-5AF5397EED97}"
EndProject
Project("{FAE04EC0-301F-11D3-BF4B-00C04F79EFBC}") = "src\GameOfLife.Core", "src\GameOfLife.Core\GameOfLife.Core.csproj", "{1D85B3B8-CA26-40B8-A2BA-804836FD7894}"
EndProject
Project("{FAE04EC0-301F-11D3-BF4B-00C04F79EFBC}") = "src\GameOfLife.Infrastructure", "src\GameOfLife.Infrastructure\GameOfLife.Infrastructure.csproj", "{E377481A-0F3E-4568-840C-E8650ADD5564}"
EndProject
Project("{2150E333-8FDC-42A3-9474-1A3956D46DE8}") = "src", "src", "{02EA681E-C7D8-13C7-8484-4AC65E1B71E8}"
EndProject
Project("{2150E333-8FDC-42A3-9474-1A3956D46DE8}") = "tests", "tests", "{188F21D2-399F-447D-983B-F5DF7F0C1CD4}"
EndProject
Project("{2150E333-8FDC-42A3-9474-1A3956D46DE8}") = "GameOfLife.Core.Tests", "GameOfLife.Core.Tests", "{27F1D8AB-AAF2-4969-AC7D-1A3041D40B76}"
EndProject
Project("{FAE04EC0-301F-11D3-BF4B-00C04F79EFBC}") = "tests\GameOfLife.Core.Tests", "tests\GameOfLife.Core.Tests\GameOfLife.Core.Tests.csproj", "{4602A126-4F94-4AFE-9E86-0977A96F6F77}"
EndProject
Project("{2150E333-8FDC-42A3-9474-1A3956D46DE8}") = "Solution Items", "Solution Items", "{8EC462FD-D22E-90A8-E5CE-7E832BA40C5D}"
	ProjectSection(SolutionItems) = preProject
		README.md = README.md
		.Dockerfile = .Dockerfile
	EndProjectSection
EndProject
Global
	GlobalSection(SolutionConfigurationPlatforms) = preSolution
		Debug|Any CPU = Debug|Any CPU
		Release|Any CPU = Release|Any CPU
	EndGlobalSection
	GlobalSection(ProjectConfigurationPlatforms) = postSolution
		{95FD297A-4E68-46C1-A270-5AF5397EED97}.Debug|Any CPU.ActiveCfg = Debug|Any CPU
		{95FD297A-4E68-46C1-A270-5AF5397EED97}.Debug|Any CPU.Build.0 = Debug|Any CPU
		{95FD297A-4E68-46C1-A270-5AF5397EED97}.Release|Any CPU.ActiveCfg = Release|Any CPU
		{95FD297A-4E68-46C1-A270-5AF5397EED97}.Release|Any CPU.Build.0 = Release|Any CPU
		{1D85B3B8-CA26-40B8-A2BA-804836FD7894}.Debug|Any CPU.ActiveCfg = Debug|Any CPU
		{1D85B3B8-CA26-40B8-A2BA-804836FD7894}.Debug|Any CPU.Build.0 = Debug|Any CPU
		{1D85B3B8-CA26-40B8-A2BA-804836FD7894}.Release|Any CPU.ActiveCfg = Release|Any CPU
		{1D85B3B8-CA26-40B8-A2BA-804836FD7894}.Release|Any CPU.Build.0 = Release|Any CPU
		{E377481A-0F3E-4568-840C-E8650ADD5564}.Debug|Any CPU.ActiveCfg = Debug|Any CPU
		{E377481A-0F3E-4568-840C-E8650ADD5564}.Debug|Any CPU.Build.0 = Debug|Any CPU
		{E377481A-0F3E-4568-840C-E8650ADD5564}.Release|Any CPU.ActiveCfg = Release|Any CPU
		{E377481A-0F3E-4568-840C-E8650ADD5564}.Release|Any CPU.Build.0 = Release|Any CPU
		{4602A126-4F94-4AFE-9E86-0977A96F6F77}.Debug|Any CPU.ActiveCfg = Debug|Any CPU
		{4602A126-4F94-4AFE-9E86-0977A96F6F77}.Debug|Any CPU.Build.0 = Debug|Any CPU
		{4602A126-4F94-4AFE-9E86-0977A96F6F77}.Release|Any CPU.ActiveCfg = Release|Any CPU
		{4602A126-4F94-4AFE-9E86-0977A96F6F77}.Release|Any CPU.Build.0 = Release|Any CPU
	EndGlobalSection
	GlobalSection(SolutionProperties) = preSolution
		HideSolutionNode = FALSE
	EndGlobalSection
	GlobalSection(NestedProjects) = preSolution
		{95FD297A-4E68-46C1-A270-5AF5397EED97} = {02EA681E-C7D8-13C7-8484-4AC65E1B71E8}
		{1D85B3B8-CA26-40B8-A2BA-804836FD7894} = {02EA681E-C7D8-13C7-8484-4AC65E1B71E8}
		{E377481A-0F3E-4568-840C-E8650ADD5564} = {02EA681E-C7D8-13C7-8484-4AC65E1B71E8}
		{27F1D8AB-AAF2-4969-AC7D-1A3041D40B76} = {188F21D2-399F-447D-983B-F5DF7F0C1CD4}
		{4602A126-4F94-4AFE-9E86-0977A96F6F77} = {27F1D8AB-AAF2-4969-AC7D-1A3041D40B76}
	EndGlobalSection
	GlobalSection(ExtensibilityGlobals) = postSolution
		SolutionGuid = {3566A790-C9A2-445D-BAA3-44CBB6039220}
	EndGlobalSection
EndGlobal
